
Microsoft Visual Studio Solution File, Format Version 12.00
# Visual Studio Version 17
VisualStudioVersion = 17.7.34031.279
MinimumVisualStudioVersion = 10.0.40219.1
Project("{FAE04EC0-301F-11D3-BF4B-00C04F79EFBC}") = "Supermarket-mvp3", "Supermarket-mvp3.csproj", "{72FEB731-5403-40FC-8B07-8C6D419C7696}"
EndProject
Global
	GlobalSection(SolutionConfigurationPlatforms) = preSolution
		Debug|Any CPU = Debug|Any CPU
		Release|Any CPU = Release|Any CPU
	EndGlobalSection
	GlobalSection(ProjectConfigurationPlatforms) = postSolution
		{72FEB731-5403-40FC-8B07-8C6D419C7696}.Debug|Any CPU.ActiveCfg = Debug|Any CPU
		{72FEB731-5403-40FC-8B07-8C6D419C7696}.Debug|Any CPU.Build.0 = Debug|Any CPU
		{72FEB731-5403-40FC-8B07-8C6D419C7696}.Release|Any CPU.ActiveCfg = Release|Any CPU
		{72FEB731-5403-40FC-8B07-8C6D419C7696}.Release|Any CPU.Build.0 = Release|Any CPU
	EndGlobalSection
	GlobalSection(SolutionProperties) = preSolution
		HideSolutionNode = FALSE
	EndGlobalSection
	GlobalSection(ExtensibilityGlobals) = postSolution
		SolutionGuid = {A25DF9F4-80C3-44DA-A985-39367F798A5D}
	EndGlobalSection
EndGlobal
